// !$*UTF8*$!
{
	archiveVersion = 1;
	classes = {
	};
	objectVersion = 46;
	objects = {

/* Begin PBXBuildFile section */
		7AB05D121A4ACA0A00EF51CD /* main.m in Sources */ = {isa = PBXBuildFile; fileRef = 7AB05D111A4ACA0A00EF51CD /* main.m */; };
		7AB05D1A1A4ACA2500EF51CD /* Cup.m in Sources */ = {isa = PBXBuildFile; fileRef = 7AB05D191A4ACA2500EF51CD /* Cup.m */; };
/* End PBXBuildFile section */

/* Begin PBXCopyFilesBuildPhase section */
		7AB05D0C1A4ACA0A00EF51CD /* CopyFiles */ = {
			isa = PBXCopyFilesBuildPhase;
			buildActionMask = 2147483647;
			dstPath = /usr/share/man/man1/;
			dstSubfolderSpec = 0;
			files = (
			);
			runOnlyForDeploymentPostprocessing = 1;
		};
/* End PBXCopyFilesBuildPhase section */

/* Begin PBXFileReference section */
		7AB05D0E1A4ACA0A00EF51CD /* sameality */ = {isa = PBXFileReference; explicitFileType = "compiled.mach-o.executable"; includeInIndex = 0; path = sameality; sourceTree = BUILT_PRODUCTS_DIR; };
		7AB05D111A4ACA0A00EF51CD /* main.m */ = {isa = PBXFileReference; lastKnownFileType = sourcecode.c.objc; path = main.m; sourceTree = "<group>"; };
		7AB05D181A4ACA2500EF51CD /* Cup.h */ = {isa = PBXFileReference; fileEncoding = 4; lastKnownFileType = sourcecode.c.h; path = Cup.h; sourceTree = "<group>"; };
		7AB05D191A4ACA2500EF51CD /* Cup.m */ = {isa = PBXFileReference; fileEncoding = 4; lastKnownFileType = sourcecode.c.objc; path = Cup.m; sourceTree = "<group>"; };
/* End PBXFileReference section */

/* Begin PBXFrameworksBuildPhase section */
		7AB05D0B1A4ACA0A00EF51CD /* Frameworks */ = {
			isa = PBXFrameworksBuildPhase;
			buildActionMask = 2147483647;
			files = (
			);
			runOnlyForDeploymentPostprocessing = 0;
		};
/* End PBXFrameworksBuildPhase section */

/* Begin PBXGroup section */
		7AB05D051A4ACA0A00EF51CD = {
			isa = PBXGroup;
			children = (
				7AB05D181A4ACA2500EF51CD /* Cup.h */,
				7AB05D191A4ACA2500EF51CD /* Cup.m */,
				7AB05D101A4ACA0A00EF51CD /* sameality */,
				7AB05D0F1A4ACA0A00EF51CD /* Products */,
			);
			sourceTree = "<group>";
		};
		7AB05D0F1A4ACA0A00EF51CD /* Products */ = {
			isa = PBXGroup;
			children = (
				7AB05D0E1A4ACA0A00EF51CD /* sameality */,
			);
			name = Products;
			sourceTree = "<group>";
		};
		7AB05D101A4ACA0A00EF51CD /* sameality */ = {
			isa = PBXGroup;
			children = (
				7AB05D111A4ACA0A00EF51CD /* main.m */,
			);
			path = sameality;
			sourceTree = "<group>";
		};
/* End PBXGroup section */

/* Begin PBXNativeTarget section */
		7AB05D0D1A4ACA0A00EF51CD /* sameality */ = {
			isa = PBXNativeTarget;
			buildConfigurationList = 7AB05D151A4ACA0A00EF51CD /* Build configuration list for PBXNativeTarget "sameality" */;
			buildPhases = (
				7AB05D0A1A4ACA0A00EF51CD /* Sources */,
				7AB05D0B1A4ACA0A00EF51CD /* Frameworks */,
				7AB05D0C1A4ACA0A00EF51CD /* CopyFiles */,
			);
			buildRules = (
			);
			dependencies = (
			);
			name = sameality;
			productName = sameality;
			productReference = 7AB05D0E1A4ACA0A00EF51CD /* sameality */;
			productType = "com.apple.product-type.tool";
		};
/* End PBXNativeTarget section */

/* Begin PBXProject section */
		7AB05D061A4ACA0A00EF51CD /* Project object */ = {
			isa = PBXProject;
			attributes = {
				LastUpgradeCheck = 0610;
				ORGANIZATIONNAME = saifuddin;
				TargetAttributes = {
					7AB05D0D1A4ACA0A00EF51CD = {
						CreatedOnToolsVersion = 6.1;
					};
				};
			};
			buildConfigurationList = 7AB05D091A4ACA0A00EF51CD /* Build configuration list for PBXProject "sameality" */;
			compatibilityVersion = "Xcode 3.2";
			developmentRegion = English;
			hasScannedForEncodings = 0;
			knownRegions = (
				en,
			);
			mainGroup = 7AB05D051A4ACA0A00EF51CD;
			productRefGroup = 7AB05D0F1A4ACA0A00EF51CD /* Products */;
			projectDirPath = "";
			projectRoot = "";
			targets = (
				7AB05D0D1A4ACA0A00EF51CD /* sameality */,
			);
		};
/* End PBXProject section */

/* Begin PBXSourcesBuildPhase section */
		7AB05D0A1A4ACA0A00EF51CD /* Sources */ = {
			isa = PBXSourcesBuildPhase;
			buildActionMask = 2147483647;
			files = (
				7AB05D1A1A4ACA2500EF51CD /* Cup.m in Sources */,
				7AB05D121A4ACA0A00EF51CD /* main.m in Sources */,
			);
			runOnlyForDeploymentPostprocessing = 0;
		};
/* End PBXSourcesBuildPhase section */

/* Begin XCBuildConfiguration section */
		7AB05D131A4ACA0A00EF51CD /* Debug */ = {
			isa = XCBuildConfiguration;
			buildSettings = {
				ALWAYS_SEARCH_USER_PATHS = NO;
				CLANG_CXX_LANGUAGE_STANDARD = "gnu++0x";
				CLANG_CXX_LIBRARY = "libc++";
				CLANG_ENABLE_MODULES = YES;
				CLANG_ENABLE_OBJC_ARC = YES;
				CLANG_WARN_BOOL_CONVERSION = YES;
				CLANG_WARN_CONSTANT_CONVERSION = YES;
				CLANG_WARN_DIRECT_OBJC_ISA_USAGE = YES_ERROR;
				CLANG_WARN_EMPTY_BODY = YES;
				CLANG_WARN_ENUM_CONVERSION = YES;
				CLANG_WARN_INT_CONVERSION = YES;
				CLANG_WARN_OBJC_ROOT_CLASS = YES_ERROR;
				CLANG_WARN_UNREACHABLE_CODE = YES;
				CLANG_WARN__DUPLICATE_METHOD_MATCH = YES;
				COPY_PHASE_STRIP = NO;
				ENABLE_STRICT_OBJC_MSGSEND = YES;
				GCC_C_LANGUAGE_STANDARD = gnu99;
				GCC_DYNAMIC_NO_PIC = NO;
				GCC_OPTIMIZATION_LEVEL = 0;
				GCC_PREPROCESSOR_DEFINITIONS = (
					"DEBUG=1",
					"$(inherited)",
				);
				GCC_SYMBOLS_PRIVATE_EXTERN = NO;
				GCC_WARN_64_TO_32_BIT_CONVERSION = YES;
				GCC_WARN_ABOUT_RETURN_TYPE = YES_ERROR;
				GCC_WARN_UNDECLARED_SELECTOR = YES;
				GCC_WARN_UNINITIALIZED_AUTOS = YES_AGGRESSIVE;
				GCC_WARN_UNUSED_FUNCTION = YES;
				GCC_WARN_UNUSED_VARIABLE = YES;
				MACOSX_DEPLOYMENT_TARGET = 10.10;
				MTL_ENABLE_DEBUG_INFO = YES;
				ONLY_ACTIVE_ARCH = YES;
				SDKROOT = macosx;
			};
			name = Debug;
		};
		7AB05D141A4ACA0A00EF51CD /* Release */ = {
			isa = XCBuildConfiguration;
			buildSettings = {
				ALWAYS_SEARCH_USER_PATHS = NO;
				CLANG_CXX_LANGUAGE_STANDARD = "gnu++0x";
				CLANG_CXX_LIBRARY = "libc++";
				CLANG_ENABLE_MODULES = YES;
				CLANG_ENABLE_OBJC_ARC = YES;
				CLANG_WARN_BOOL_CONVERSION = YES;
				CLANG_WARN_CONSTANT_CONVERSION = YES;
				CLANG_WARN_DIRECT_OBJC_ISA_USAGE = YES_ERROR;
				CLANG_WARN_EMPTY_BODY = YES;
				CLANG_WARN_ENUM_CONVERSION = YES;
				CLANG_WARN_INT_CONVERSION = YES;
				CLANG_WARN_OBJC_ROOT_CLASS = YES_ERROR;
				CLANG_WARN_UNREACHABLE_CODE = YES;
				CLANG_WARN__DUPLICATE_METHOD_MATCH = YES;
				COPY_PHASE_STRIP = YES;
				DEBUG_INFORMATION_FORMAT = "dwarf-with-dsym";
				ENABLE_NS_ASSERTIONS = NO;
				ENABLE_STRICT_OBJC_MSGSEND = YES;
				GCC_C_LANGUAGE_STANDARD = gnu99;
				GCC_WARN_64_TO_32_BIT_CONVERSION = YES;
				GCC_WARN_ABOUT_RETURN_TYPE = YES_ERROR;
				GCC_WARN_UNDECLARED_SELECTOR = YES;
				GCC_WARN_UNINITIALIZED_AUTOS = YES_AGGRESSIVE;
				GCC_WARN_UNUSED_FUNCTION = YES;
				GCC_WARN_UNUSED_VARIABLE = YES;
				MACOSX_DEPLOYMENT_TARGET = 10.10;
				MTL_ENABLE_DEBUG_INFO = NO;
				SDKROOT = macosx;
			};
			name = Release;
		};
		7AB05D161A4ACA0A00EF51CD /* Debug */ = {
			isa = XCBuildConfiguration;
			buildSettings = {
				PRODUCT_NAME = "$(TARGET_NAME)";
			};
			name = Debug;
		};
		7AB05D171A4ACA0A00EF51CD /* Release */ = {
			isa = XCBuildConfiguration;
			buildSettings = {
				PRODUCT_NAME = "$(TARGET_NAME)";
			};
			name = Release;
		};
/* End XCBuildConfiguration section */

/* Begin XCConfigurationList section */
		7AB05D091A4ACA0A00EF51CD /* Build configuration list for PBXProject "sameality" */ = {
			isa = XCConfigurationList;
			buildConfigurations = (
				7AB05D131A4ACA0A00EF51CD /* Debug */,
				7AB05D141A4ACA0A00EF51CD /* Release */,
			);
			defaultConfigurationIsVisible = 0;
			defaultConfigurationName = Release;
		};
		7AB05D151A4ACA0A00EF51CD /* Build configuration list for PBXNativeTarget "sameality" */ = {
			isa = XCConfigurationList;
			buildConfigurations = (
				7AB05D161A4ACA0A00EF51CD /* Debug */,
				7AB05D171A4ACA0A00EF51CD /* Release */,
			);
			defaultConfigurationIsVisible = 0;
		};
/* End XCConfigurationList section */
	};
	rootObject = 7AB05D061A4ACA0A00EF51CD /* Project object */;
}
